
Microsoft Visual Studio Solution File, Format Version 12.00
# Visual Studio Version 17
VisualStudioVersion = 17.10.34916.146
MinimumVisualStudioVersion = 10.0.40219.1
Project("{FAE04EC0-301F-11D3-BF4B-00C04F79EFBC}") = "base-aspnet-electron", "base-aspnet-electron\base-aspnet-electron.csproj", "{D3E61BEF-B420-423E-99FE-3DCD8B154E71}"
EndProject
Global
	GlobalSection(SolutionConfigurationPlatforms) = preSolution
		Debug|Any CPU = Debug|Any CPU
		Release|Any CPU = Release|Any CPU
	EndGlobalSection
	GlobalSection(ProjectConfigurationPlatforms) = postSolution
		{D3E61BEF-B420-423E-99FE-3DCD8B154E71}.Debug|Any CPU.ActiveCfg = Debug|Any CPU
		{D3E61BEF-B420-423E-99FE-3DCD8B154E71}.Debug|Any CPU.Build.0 = Debug|Any CPU
		{D3E61BEF-B420-423E-99FE-3DCD8B154E71}.Release|Any CPU.ActiveCfg = Release|Any CPU
		{D3E61BEF-B420-423E-99FE-3DCD8B154E71}.Release|Any CPU.Build.0 = Release|Any CPU
	EndGlobalSection
	GlobalSection(SolutionProperties) = preSolution
		HideSolutionNode = FALSE
	EndGlobalSection
	GlobalSection(ExtensibilityGlobals) = postSolution
		SolutionGuid = {B24B55AF-900C-4680-A65F-2E2800984344}
	EndGlobalSection
EndGlobal
